
Microsoft Visual Studio Solution File, Format Version 12.00
# Visual Studio Version 17
VisualStudioVersion = 17.3.32811.315
MinimumVisualStudioVersion = 10.0.40219.1
Project("{9A19103F-16F7-4668-BE54-9A1E7A4F7556}") = "SudInfo.EfDataAccessLibrary", "SudInfo.EfDataAccessLibrary\SudInfo.EfDataAccessLibrary.csproj", "{29FA0836-E3BF-4259-B2C4-1A4F75276A77}"
EndProject
Project("{9A19103F-16F7-4668-BE54-9A1E7A4F7556}") = "SudInfo.Avalonia", "SudInfo.Avalonia\SudInfo.Avalonia.csproj", "{021BD98D-E1E8-49C4-9DDA-05CDE5C49EDA}"
EndProject
Project("{840C416C-B8F3-42BC-B0DD-F6BB14C9F8CB}") = "SudInfo.WinInstaller", "SudInfo.WinInstaller\SudInfo.WinInstaller.aiproj", "{862CC412-F8BE-493C-8DBC-E506293ED139}"
EndProject
Global
	GlobalSection(SolutionConfigurationPlatforms) = preSolution
		All|Any CPU = All|Any CPU
		Debug|Any CPU = Debug|Any CPU
		Release|Any CPU = Release|Any CPU
	EndGlobalSection
	GlobalSection(ProjectConfigurationPlatforms) = postSolution
		{29FA0836-E3BF-4259-B2C4-1A4F75276A77}.All|Any CPU.ActiveCfg = Debug|Any CPU
		{29FA0836-E3BF-4259-B2C4-1A4F75276A77}.All|Any CPU.Build.0 = Debug|Any CPU
		{29FA0836-E3BF-4259-B2C4-1A4F75276A77}.Debug|Any CPU.ActiveCfg = Debug|Any CPU
		{29FA0836-E3BF-4259-B2C4-1A4F75276A77}.Debug|Any CPU.Build.0 = Debug|Any CPU
		{29FA0836-E3BF-4259-B2C4-1A4F75276A77}.Release|Any CPU.ActiveCfg = Release|Any CPU
		{29FA0836-E3BF-4259-B2C4-1A4F75276A77}.Release|Any CPU.Build.0 = Release|Any CPU
		{021BD98D-E1E8-49C4-9DDA-05CDE5C49EDA}.All|Any CPU.ActiveCfg = Debug|Any CPU
		{021BD98D-E1E8-49C4-9DDA-05CDE5C49EDA}.All|Any CPU.Build.0 = Debug|Any CPU
		{021BD98D-E1E8-49C4-9DDA-05CDE5C49EDA}.Debug|Any CPU.ActiveCfg = Debug|Any CPU
		{021BD98D-E1E8-49C4-9DDA-05CDE5C49EDA}.Debug|Any CPU.Build.0 = Debug|Any CPU
		{021BD98D-E1E8-49C4-9DDA-05CDE5C49EDA}.Release|Any CPU.ActiveCfg = Release|Any CPU
		{021BD98D-E1E8-49C4-9DDA-05CDE5C49EDA}.Release|Any CPU.Build.0 = Release|Any CPU
		{862CC412-F8BE-493C-8DBC-E506293ED139}.All|Any CPU.ActiveCfg = DefaultBuild
		{862CC412-F8BE-493C-8DBC-E506293ED139}.All|Any CPU.Build.0 = DefaultBuild
		{862CC412-F8BE-493C-8DBC-E506293ED139}.Debug|Any CPU.ActiveCfg = DefaultBuild
		{862CC412-F8BE-493C-8DBC-E506293ED139}.Debug|Any CPU.Build.0 = DefaultBuild
		{862CC412-F8BE-493C-8DBC-E506293ED139}.Release|Any CPU.ActiveCfg = DefaultBuild
		{862CC412-F8BE-493C-8DBC-E506293ED139}.Release|Any CPU.Build.0 = DefaultBuild
	EndGlobalSection
	GlobalSection(SolutionProperties) = preSolution
		HideSolutionNode = FALSE
	EndGlobalSection
	GlobalSection(ExtensibilityGlobals) = postSolution
		SolutionGuid = {DDAEDF44-2E19-4411-A261-578C7F0FD94E}
	EndGlobalSection
EndGlobal
